// !$*UTF8*$!
{
	archiveVersion = 1;
	classes = {
	};
	objectVersion = 46;
	objects = {

/* Begin PBXBuildFile section */
		5F55D1AC1AC0ACB400A584A8 /* main.m in Sources */ = {isa = PBXBuildFile; fileRef = 5F55D1AB1AC0ACB400A584A8 /* main.m */; };
		5F55D1AF1AC0ACB500A584A8 /* AppDelegate.m in Sources */ = {isa = PBXBuildFile; fileRef = 5F55D1AE1AC0ACB500A584A8 /* AppDelegate.m */; };
		5F55D1B21AC0ACB500A584A8 /* ViewController.m in Sources */ = {isa = PBXBuildFile; fileRef = 5F55D1B11AC0ACB500A584A8 /* ViewController.m */; };
		5F55D1B71AC0ACB500A584A8 /* Images.xcassets in Resources */ = {isa = PBXBuildFile; fileRef = 5F55D1B61AC0ACB500A584A8 /* Images.xcassets */; };
		5F55D1DB1AC0C3F000A584A8 /* SystemConfiguration.framework in Frameworks */ = {isa = PBXBuildFile; fileRef = 5F55D1D91AC0C3E200A584A8 /* SystemConfiguration.framework */; };
		5F55D1DF1AC0C41C00A584A8 /* libsqlite3.dylib in Frameworks */ = {isa = PBXBuildFile; fileRef = 5F55D1DE1AC0C41C00A584A8 /* libsqlite3.dylib */; };
		5F55D1E11AC0C43C00A584A8 /* libxml2.dylib in Frameworks */ = {isa = PBXBuildFile; fileRef = 5F55D1E01AC0C43C00A584A8 /* libxml2.dylib */; };
		5F55D1E31AC0C45C00A584A8 /* Social.framework in Frameworks */ = {isa = PBXBuildFile; fileRef = 5F55D1E21AC0C45B00A584A8 /* Social.framework */; };
		5F55D1E51AC0C47100A584A8 /* MediaPlayer.framework in Frameworks */ = {isa = PBXBuildFile; fileRef = 5F55D1E41AC0C47100A584A8 /* MediaPlayer.framework */; };
		5F55D1E71AC0C49900A584A8 /* Accounts.framework in Frameworks */ = {isa = PBXBuildFile; fileRef = 5F55D1E61AC0C49900A584A8 /* Accounts.framework */; };
		5F55D1E91AC0C4B200A584A8 /* StoreKit.framework in Frameworks */ = {isa = PBXBuildFile; fileRef = 5F55D1E81AC0C4B200A584A8 /* StoreKit.framework */; };
		5F55D1EB1AC0C4C000A584A8 /* EventKit.framework in Frameworks */ = {isa = PBXBuildFile; fileRef = 5F55D1EA1AC0C4C000A584A8 /* EventKit.framework */; };
		5F55D1ED1AC0C4C700A584A8 /* EventKitUI.framework in Frameworks */ = {isa = PBXBuildFile; fileRef = 5F55D1EC1AC0C4C700A584A8 /* EventKitUI.framework */; };
		5F55D1EF1AC0C4ED00A584A8 /* CoreTelephony.framework in Frameworks */ = {isa = PBXBuildFile; fileRef = 5F55D1EE1AC0C4ED00A584A8 /* CoreTelephony.framework */; };
		5F55D1F31AC0C51100A584A8 /* AVFoundation.framework in Frameworks */ = {isa = PBXBuildFile; fileRef = 5F55D1F21AC0C51100A584A8 /* AVFoundation.framework */; };
		5F55D1F51AC0C56C00A584A8 /* AudioToolbox.framework in Frameworks */ = {isa = PBXBuildFile; fileRef = 5F55D1F41AC0C56C00A584A8 /* AudioToolbox.framework */; };
		5F55D1F71AC0C5F900A584A8 /* iOS_Tutela_SDK.framework in Frameworks */ = {isa = PBXBuildFile; fileRef = 5F55D1F61AC0C5F900A584A8 /* iOS_Tutela_SDK.framework */; };
		5F55D1F81AC0C61F00A584A8 /* libz.dylib in Frameworks */ = {isa = PBXBuildFile; fileRef = 5F55D1DC1AC0C40400A584A8 /* libz.dylib */; };
		5F55D1FA1AC0C63400A584A8 /* AdSupport.framework in Frameworks */ = {isa = PBXBuildFile; fileRef = 5F55D1F91AC0C63400A584A8 /* AdSupport.framework */; };
		5F55D1FC1AC0C65B00A584A8 /* MobileCoreServices.framework in Frameworks */ = {isa = PBXBuildFile; fileRef = 5F55D1FB1AC0C65B00A584A8 /* MobileCoreServices.framework */; };
		5F55D1FE1AC0C67C00A584A8 /* CoreMotion.framework in Frameworks */ = {isa = PBXBuildFile; fileRef = 5F55D1FD1AC0C67C00A584A8 /* CoreMotion.framework */; };
		5F55D2001AC0C69800A584A8 /* KiipSDK.framework in Frameworks */ = {isa = PBXBuildFile; fileRef = 5F55D1FF1AC0C69800A584A8 /* KiipSDK.framework */; };
		5F55D2021AC0C6AA00A584A8 /* PassKit.framework in Frameworks */ = {isa = PBXBuildFile; fileRef = 5F55D2011AC0C6AA00A584A8 /* PassKit.framework */; };
		5F55D2061AC0C8C500A584A8 /* libMediaBrix.a in Frameworks */ = {isa = PBXBuildFile; fileRef = 5F55D2051AC0C8C500A584A8 /* libMediaBrix.a */; };
		5F55D2081AC0C99900A584A8 /* MediaBrix.bundle in Resources */ = {isa = PBXBuildFile; fileRef = 5F55D2071AC0C99900A584A8 /* MediaBrix.bundle */; };
		5F55D20E1AC0CC0600A584A8 /* KiipSDKResources.bundle in Resources */ = {isa = PBXBuildFile; fileRef = 5F55D20D1AC0CC0600A584A8 /* KiipSDKResources.bundle */; };
		D413BAF21AF304D500B1BAE5 /* TapForTapResources.bundle in Resources */ = {isa = PBXBuildFile; fileRef = D413BAF11AF304D500B1BAE5 /* TapForTapResources.bundle */; };
		D430D4591ACCADC600962179 /* TapForTap.framework in Frameworks */ = {isa = PBXBuildFile; fileRef = D430D4581ACCADC600962179 /* TapForTap.framework */; };
		D430D45B1ACCB1E000962179 /* CoreMedia.framework in Frameworks */ = {isa = PBXBuildFile; fileRef = D430D45A1ACCB1E000962179 /* CoreMedia.framework */; };
		D430D45D1ACCB4F400962179 /* Main.storyboard in Resources */ = {isa = PBXBuildFile; fileRef = 5F55D1B31AC0ACB500A584A8 /* Main.storyboard */; };
		D430D45E1ACCB4FA00962179 /* LaunchScreen.xib in Resources */ = {isa = PBXBuildFile; fileRef = 5F55D1B81AC0ACB500A584A8 /* LaunchScreen.xib */; };
/* End PBXBuildFile section */

/* Begin PBXFileReference section */
		5F55D1A61AC0ACB400A584A8 /* sampleapp.app */ = {isa = PBXFileReference; explicitFileType = wrapper.application; includeInIndex = 0; path = sampleapp.app; sourceTree = BUILT_PRODUCTS_DIR; };
		5F55D1AA1AC0ACB400A584A8 /* Info.plist */ = {isa = PBXFileReference; lastKnownFileType = text.plist.xml; path = Info.plist; sourceTree = "<group>"; };
		5F55D1AB1AC0ACB400A584A8 /* main.m */ = {isa = PBXFileReference; lastKnownFileType = sourcecode.c.objc; path = main.m; sourceTree = "<group>"; };
		5F55D1AD1AC0ACB400A584A8 /* AppDelegate.h */ = {isa = PBXFileReference; lastKnownFileType = sourcecode.c.h; path = AppDelegate.h; sourceTree = "<group>"; };
		5F55D1AE1AC0ACB500A584A8 /* AppDelegate.m */ = {isa = PBXFileReference; lastKnownFileType = sourcecode.c.objc; path = AppDelegate.m; sourceTree = "<group>"; };
		5F55D1B01AC0ACB500A584A8 /* ViewController.h */ = {isa = PBXFileReference; lastKnownFileType = sourcecode.c.h; path = ViewController.h; sourceTree = "<group>"; };
		5F55D1B11AC0ACB500A584A8 /* ViewController.m */ = {isa = PBXFileReference; lastKnownFileType = sourcecode.c.objc; path = ViewController.m; sourceTree = "<group>"; };
		5F55D1B41AC0ACB500A584A8 /* Base */ = {isa = PBXFileReference; lastKnownFileType = file.storyboard; name = Base; path = Base.lproj/Main.storyboard; sourceTree = "<group>"; };
		5F55D1B61AC0ACB500A584A8 /* Images.xcassets */ = {isa = PBXFileReference; lastKnownFileType = folder.assetcatalog; path = Images.xcassets; sourceTree = "<group>"; };
		5F55D1B91AC0ACB500A584A8 /* Base */ = {isa = PBXFileReference; lastKnownFileType = file.xib; name = Base; path = Base.lproj/LaunchScreen.xib; sourceTree = "<group>"; };
		5F55D1D91AC0C3E200A584A8 /* SystemConfiguration.framework */ = {isa = PBXFileReference; lastKnownFileType = wrapper.framework; name = SystemConfiguration.framework; path = System/Library/Frameworks/SystemConfiguration.framework; sourceTree = SDKROOT; };
		5F55D1DC1AC0C40400A584A8 /* libz.dylib */ = {isa = PBXFileReference; lastKnownFileType = "compiled.mach-o.dylib"; name = libz.dylib; path = usr/lib/libz.dylib; sourceTree = SDKROOT; };
		5F55D1DE1AC0C41C00A584A8 /* libsqlite3.dylib */ = {isa = PBXFileReference; lastKnownFileType = "compiled.mach-o.dylib"; name = libsqlite3.dylib; path = usr/lib/libsqlite3.dylib; sourceTree = SDKROOT; };
		5F55D1E01AC0C43C00A584A8 /* libxml2.dylib */ = {isa = PBXFileReference; lastKnownFileType = "compiled.mach-o.dylib"; name = libxml2.dylib; path = usr/lib/libxml2.dylib; sourceTree = SDKROOT; };
		5F55D1E21AC0C45B00A584A8 /* Social.framework */ = {isa = PBXFileReference; lastKnownFileType = wrapper.framework; name = Social.framework; path = System/Library/Frameworks/Social.framework; sourceTree = SDKROOT; };
		5F55D1E41AC0C47100A584A8 /* MediaPlayer.framework */ = {isa = PBXFileReference; lastKnownFileType = wrapper.framework; name = MediaPlayer.framework; path = System/Library/Frameworks/MediaPlayer.framework; sourceTree = SDKROOT; };
		5F55D1E61AC0C49900A584A8 /* Accounts.framework */ = {isa = PBXFileReference; lastKnownFileType = wrapper.framework; name = Accounts.framework; path = System/Library/Frameworks/Accounts.framework; sourceTree = SDKROOT; };
		5F55D1E81AC0C4B200A584A8 /* StoreKit.framework */ = {isa = PBXFileReference; lastKnownFileType = wrapper.framework; name = StoreKit.framework; path = System/Library/Frameworks/StoreKit.framework; sourceTree = SDKROOT; };
		5F55D1EA1AC0C4C000A584A8 /* EventKit.framework */ = {isa = PBXFileReference; lastKnownFileType = wrapper.framework; name = EventKit.framework; path = System/Library/Frameworks/EventKit.framework; sourceTree = SDKROOT; };
		5F55D1EC1AC0C4C700A584A8 /* EventKitUI.framework */ = {isa = PBXFileReference; lastKnownFileType = wrapper.framework; name = EventKitUI.framework; path = System/Library/Frameworks/EventKitUI.framework; sourceTree = SDKROOT; };
		5F55D1EE1AC0C4ED00A584A8 /* CoreTelephony.framework */ = {isa = PBXFileReference; lastKnownFileType = wrapper.framework; name = CoreTelephony.framework; path = System/Library/Frameworks/CoreTelephony.framework; sourceTree = SDKROOT; };
		5F55D1F01AC0C50800A584A8 /* AVKit.framework */ = {isa = PBXFileReference; lastKnownFileType = wrapper.framework; name = AVKit.framework; path = System/Library/Frameworks/AVKit.framework; sourceTree = SDKROOT; };
		5F55D1F21AC0C51100A584A8 /* AVFoundation.framework */ = {isa = PBXFileReference; lastKnownFileType = wrapper.framework; name = AVFoundation.framework; path = System/Library/Frameworks/AVFoundation.framework; sourceTree = SDKROOT; };
		5F55D1F41AC0C56C00A584A8 /* AudioToolbox.framework */ = {isa = PBXFileReference; lastKnownFileType = wrapper.framework; name = AudioToolbox.framework; path = System/Library/Frameworks/AudioToolbox.framework; sourceTree = SDKROOT; };
		5F55D1F61AC0C5F900A584A8 /* iOS_Tutela_SDK.framework */ = {isa = PBXFileReference; lastKnownFileType = wrapper.framework; path = iOS_Tutela_SDK.framework; sourceTree = "<group>"; };
		5F55D1F91AC0C63400A584A8 /* AdSupport.framework */ = {isa = PBXFileReference; lastKnownFileType = wrapper.framework; name = AdSupport.framework; path = System/Library/Frameworks/AdSupport.framework; sourceTree = SDKROOT; };
		5F55D1FB1AC0C65B00A584A8 /* MobileCoreServices.framework */ = {isa = PBXFileReference; lastKnownFileType = wrapper.framework; name = MobileCoreServices.framework; path = System/Library/Frameworks/MobileCoreServices.framework; sourceTree = SDKROOT; };
		5F55D1FD1AC0C67C00A584A8 /* CoreMotion.framework */ = {isa = PBXFileReference; lastKnownFileType = wrapper.framework; name = CoreMotion.framework; path = System/Library/Frameworks/CoreMotion.framework; sourceTree = SDKROOT; };
		5F55D1FF1AC0C69800A584A8 /* KiipSDK.framework */ = {isa = PBXFileReference; lastKnownFileType = wrapper.framework; path = KiipSDK.framework; sourceTree = "<group>"; };
		5F55D2011AC0C6AA00A584A8 /* PassKit.framework */ = {isa = PBXFileReference; lastKnownFileType = wrapper.framework; name = PassKit.framework; path = System/Library/Frameworks/PassKit.framework; sourceTree = SDKROOT; };
		5F55D2051AC0C8C500A584A8 /* libMediaBrix.a */ = {isa = PBXFileReference; lastKnownFileType = archive.ar; path = libMediaBrix.a; sourceTree = "<group>"; };
		5F55D2071AC0C99900A584A8 /* MediaBrix.bundle */ = {isa = PBXFileReference; lastKnownFileType = "wrapper.plug-in"; path = MediaBrix.bundle; sourceTree = "<group>"; };
		5F55D2091AC0C9B500A584A8 /* close-button.png */ = {isa = PBXFileReference; lastKnownFileType = image.png; path = "close-button.png"; sourceTree = "<group>"; };
		5F55D20A1AC0C9B500A584A8 /* close-button@2x.png */ = {isa = PBXFileReference; lastKnownFileType = image.png; path = "close-button@2x.png"; sourceTree = "<group>"; };
		5F55D20D1AC0CC0600A584A8 /* KiipSDKResources.bundle */ = {isa = PBXFileReference; lastKnownFileType = "wrapper.plug-in"; path = KiipSDKResources.bundle; sourceTree = "<group>"; };
		D413BAF11AF304D500B1BAE5 /* TapForTapResources.bundle */ = {isa = PBXFileReference; lastKnownFileType = "wrapper.plug-in"; path = TapForTapResources.bundle; sourceTree = "<group>"; };
		D430D4581ACCADC600962179 /* TapForTap.framework */ = {isa = PBXFileReference; lastKnownFileType = wrapper.framework; name = TapForTap.framework; path = sampleapp/TapForTap.framework; sourceTree = "<group>"; };
		D430D45A1ACCB1E000962179 /* CoreMedia.framework */ = {isa = PBXFileReference; lastKnownFileType = wrapper.framework; name = CoreMedia.framework; path = System/Library/Frameworks/CoreMedia.framework; sourceTree = SDKROOT; };
/* End PBXFileReference section */

/* Begin PBXFrameworksBuildPhase section */
		5F55D1A31AC0ACB400A584A8 /* Frameworks */ = {
			isa = PBXFrameworksBuildPhase;
			buildActionMask = 2147483647;
			files = (
				D430D45B1ACCB1E000962179 /* CoreMedia.framework in Frameworks */,
				D430D4591ACCADC600962179 /* TapForTap.framework in Frameworks */,
				5F55D2021AC0C6AA00A584A8 /* PassKit.framework in Frameworks */,
				5F55D1FE1AC0C67C00A584A8 /* CoreMotion.framework in Frameworks */,
				5F55D1FC1AC0C65B00A584A8 /* MobileCoreServices.framework in Frameworks */,
				5F55D1FA1AC0C63400A584A8 /* AdSupport.framework in Frameworks */,
				5F55D1F81AC0C61F00A584A8 /* libz.dylib in Frameworks */,
				5F55D1F51AC0C56C00A584A8 /* AudioToolbox.framework in Frameworks */,
				5F55D1F31AC0C51100A584A8 /* AVFoundation.framework in Frameworks */,
				5F55D1EF1AC0C4ED00A584A8 /* CoreTelephony.framework in Frameworks */,
				5F55D1ED1AC0C4C700A584A8 /* EventKitUI.framework in Frameworks */,
				5F55D1EB1AC0C4C000A584A8 /* EventKit.framework in Frameworks */,
				5F55D1E91AC0C4B200A584A8 /* StoreKit.framework in Frameworks */,
				5F55D1E71AC0C49900A584A8 /* Accounts.framework in Frameworks */,
				5F55D1E51AC0C47100A584A8 /* MediaPlayer.framework in Frameworks */,
				5F55D1E31AC0C45C00A584A8 /* Social.framework in Frameworks */,
				5F55D1E11AC0C43C00A584A8 /* libxml2.dylib in Frameworks */,
				5F55D1F71AC0C5F900A584A8 /* iOS_Tutela_SDK.framework in Frameworks */,
				5F55D1DF1AC0C41C00A584A8 /* libsqlite3.dylib in Frameworks */,
				5F55D1DB1AC0C3F000A584A8 /* SystemConfiguration.framework in Frameworks */,
				5F55D2061AC0C8C500A584A8 /* libMediaBrix.a in Frameworks */,
				5F55D2001AC0C69800A584A8 /* KiipSDK.framework in Frameworks */,
			);
			runOnlyForDeploymentPostprocessing = 0;
		};
/* End PBXFrameworksBuildPhase section */

/* Begin PBXGroup section */
		5F55D19D1AC0ACB400A584A8 = {
			isa = PBXGroup;
			children = (
				D413BAF11AF304D500B1BAE5 /* TapForTapResources.bundle */,
				D430D45A1ACCB1E000962179 /* CoreMedia.framework */,
				D430D4581ACCADC600962179 /* TapForTap.framework */,
				5F55D2011AC0C6AA00A584A8 /* PassKit.framework */,
				5F55D1FD1AC0C67C00A584A8 /* CoreMotion.framework */,
				5F55D1FB1AC0C65B00A584A8 /* MobileCoreServices.framework */,
				5F55D1F91AC0C63400A584A8 /* AdSupport.framework */,
				5F55D1F41AC0C56C00A584A8 /* AudioToolbox.framework */,
				5F55D1F21AC0C51100A584A8 /* AVFoundation.framework */,
				5F55D1F01AC0C50800A584A8 /* AVKit.framework */,
				5F55D1EE1AC0C4ED00A584A8 /* CoreTelephony.framework */,
				5F55D1EC1AC0C4C700A584A8 /* EventKitUI.framework */,
				5F55D1EA1AC0C4C000A584A8 /* EventKit.framework */,
				5F55D1E81AC0C4B200A584A8 /* StoreKit.framework */,
				5F55D1E61AC0C49900A584A8 /* Accounts.framework */,
				5F55D1E41AC0C47100A584A8 /* MediaPlayer.framework */,
				5F55D1E21AC0C45B00A584A8 /* Social.framework */,
				5F55D1E01AC0C43C00A584A8 /* libxml2.dylib */,
				5F55D1DE1AC0C41C00A584A8 /* libsqlite3.dylib */,
				5F55D1DC1AC0C40400A584A8 /* libz.dylib */,
				5F55D1D91AC0C3E200A584A8 /* SystemConfiguration.framework */,
				5F55D1A81AC0ACB400A584A8 /* sampleapp */,
				5F55D1A71AC0ACB400A584A8 /* Products */,
			);
			sourceTree = "<group>";
		};
		5F55D1A71AC0ACB400A584A8 /* Products */ = {
			isa = PBXGroup;
			children = (
				5F55D1A61AC0ACB400A584A8 /* sampleapp.app */,
			);
			name = Products;
			sourceTree = "<group>";
		};
		5F55D1A81AC0ACB400A584A8 /* sampleapp */ = {
			isa = PBXGroup;
			children = (
				5F55D1AD1AC0ACB400A584A8 /* AppDelegate.h */,
				5F55D1AE1AC0ACB500A584A8 /* AppDelegate.m */,
				5F55D1B01AC0ACB500A584A8 /* ViewController.h */,
				5F55D1B11AC0ACB500A584A8 /* ViewController.m */,
				5F55D1B31AC0ACB500A584A8 /* Main.storyboard */,
				5F55D1B61AC0ACB500A584A8 /* Images.xcassets */,
				5F55D1B81AC0ACB500A584A8 /* LaunchScreen.xib */,
				5F55D1A91AC0ACB400A584A8 /* Supporting Files */,
			);
			name = sampleapp;
			path = SampleApp;
			sourceTree = "<group>";
		};
		5F55D1A91AC0ACB400A584A8 /* Supporting Files */ = {
			isa = PBXGroup;
			children = (
				5F55D2091AC0C9B500A584A8 /* close-button.png */,
				5F55D20A1AC0C9B500A584A8 /* close-button@2x.png */,
				5F55D2051AC0C8C500A584A8 /* libMediaBrix.a */,
				5F55D2071AC0C99900A584A8 /* MediaBrix.bundle */,
				5F55D20D1AC0CC0600A584A8 /* KiipSDKResources.bundle */,
				5F55D1FF1AC0C69800A584A8 /* KiipSDK.framework */,
				5F55D1F61AC0C5F900A584A8 /* iOS_Tutela_SDK.framework */,
				5F55D1AA1AC0ACB400A584A8 /* Info.plist */,
				5F55D1AB1AC0ACB400A584A8 /* main.m */,
			);
			name = "Supporting Files";
			sourceTree = "<group>";
		};
/* End PBXGroup section */

/* Begin PBXNativeTarget section */
		5F55D1A51AC0ACB400A584A8 /* sampleapp */ = {
			isa = PBXNativeTarget;
			buildConfigurationList = 5F55D1C91AC0ACB500A584A8 /* Build configuration list for PBXNativeTarget "sampleapp" */;
			buildPhases = (
				5F55D1A21AC0ACB400A584A8 /* Sources */,
				5F55D1A31AC0ACB400A584A8 /* Frameworks */,
				5F55D1A41AC0ACB400A584A8 /* Resources */,
			);
			buildRules = (
			);
			dependencies = (
			);
			name = sampleapp;
			productName = "The Best Game Ever";
			productReference = 5F55D1A61AC0ACB400A584A8 /* sampleapp.app */;
			productType = "com.apple.product-type.application";
		};
/* End PBXNativeTarget section */

/* Begin PBXProject section */
		5F55D19E1AC0ACB400A584A8 /* Project object */ = {
			isa = PBXProject;
			attributes = {
				LastUpgradeCheck = 0620;
				ORGANIZATIONNAME = "Pretio Interactive";
				TargetAttributes = {
					5F55D1A51AC0ACB400A584A8 = {
						CreatedOnToolsVersion = 6.2;
					};
				};
			};
			buildConfigurationList = 5F55D1A11AC0ACB400A584A8 /* Build configuration list for PBXProject "sampleapp" */;
			compatibilityVersion = "Xcode 3.2";
			developmentRegion = English;
			hasScannedForEncodings = 0;
			knownRegions = (
				en,
				Base,
			);
			mainGroup = 5F55D19D1AC0ACB400A584A8;
			productRefGroup = 5F55D1A71AC0ACB400A584A8 /* Products */;
			projectDirPath = "";
			projectRoot = "";
			targets = (
				5F55D1A51AC0ACB400A584A8 /* sampleapp */,
			);
		};
/* End PBXProject section */

/* Begin PBXResourcesBuildPhase section */
		5F55D1A41AC0ACB400A584A8 /* Resources */ = {
			isa = PBXResourcesBuildPhase;
			buildActionMask = 2147483647;
			files = (
				D413BAF21AF304D500B1BAE5 /* TapForTapResources.bundle in Resources */,
				D430D45E1ACCB4FA00962179 /* LaunchScreen.xib in Resources */,
				D430D45D1ACCB4F400962179 /* Main.storyboard in Resources */,
				5F55D2081AC0C99900A584A8 /* MediaBrix.bundle in Resources */,
				5F55D1B71AC0ACB500A584A8 /* Images.xcassets in Resources */,
				5F55D20E1AC0CC0600A584A8 /* KiipSDKResources.bundle in Resources */,
			);
			runOnlyForDeploymentPostprocessing = 0;
		};
/* End PBXResourcesBuildPhase section */

/* Begin PBXSourcesBuildPhase section */
		5F55D1A21AC0ACB400A584A8 /* Sources */ = {
			isa = PBXSourcesBuildPhase;
			buildActionMask = 2147483647;
			files = (
				5F55D1B21AC0ACB500A584A8 /* ViewController.m in Sources */,
				5F55D1AF1AC0ACB500A584A8 /* AppDelegate.m in Sources */,
				5F55D1AC1AC0ACB400A584A8 /* main.m in Sources */,
			);
			runOnlyForDeploymentPostprocessing = 0;
		};
/* End PBXSourcesBuildPhase section */

/* Begin PBXVariantGroup section */
		5F55D1B31AC0ACB500A584A8 /* Main.storyboard */ = {
			isa = PBXVariantGroup;
			children = (
				5F55D1B41AC0ACB500A584A8 /* Base */,
			);
			name = Main.storyboard;
			sourceTree = "<group>";
		};
		5F55D1B81AC0ACB500A584A8 /* LaunchScreen.xib */ = {
			isa = PBXVariantGroup;
			children = (
				5F55D1B91AC0ACB500A584A8 /* Base */,
			);
			name = LaunchScreen.xib;
			sourceTree = "<group>";
		};
/* End PBXVariantGroup section */

/* Begin XCBuildConfiguration section */
		5F55D1C71AC0ACB500A584A8 /* Debug */ = {
			isa = XCBuildConfiguration;
			buildSettings = {
				ALWAYS_SEARCH_USER_PATHS = NO;
				CLANG_CXX_LANGUAGE_STANDARD = "gnu++0x";
				CLANG_CXX_LIBRARY = "libc++";
				CLANG_ENABLE_MODULES = YES;
				CLANG_ENABLE_OBJC_ARC = YES;
				CLANG_WARN_BOOL_CONVERSION = YES;
				CLANG_WARN_CONSTANT_CONVERSION = YES;
				CLANG_WARN_DIRECT_OBJC_ISA_USAGE = YES_ERROR;
				CLANG_WARN_EMPTY_BODY = YES;
				CLANG_WARN_ENUM_CONVERSION = YES;
				CLANG_WARN_INT_CONVERSION = YES;
				CLANG_WARN_OBJC_ROOT_CLASS = YES_ERROR;
				CLANG_WARN_UNREACHABLE_CODE = YES;
				CLANG_WARN__DUPLICATE_METHOD_MATCH = YES;
				"CODE_SIGN_IDENTITY[sdk=iphoneos*]" = "iPhone Developer";
				COPY_PHASE_STRIP = NO;
				ENABLE_STRICT_OBJC_MSGSEND = YES;
				GCC_C_LANGUAGE_STANDARD = gnu99;
				GCC_DYNAMIC_NO_PIC = NO;
				GCC_OPTIMIZATION_LEVEL = 0;
				GCC_PREPROCESSOR_DEFINITIONS = (
					"DEBUG=1",
					"$(inherited)",
				);
				GCC_SYMBOLS_PRIVATE_EXTERN = NO;
				GCC_WARN_64_TO_32_BIT_CONVERSION = YES;
				GCC_WARN_ABOUT_RETURN_TYPE = YES_ERROR;
				GCC_WARN_UNDECLARED_SELECTOR = YES;
				GCC_WARN_UNINITIALIZED_AUTOS = YES_AGGRESSIVE;
				GCC_WARN_UNUSED_FUNCTION = YES;
				GCC_WARN_UNUSED_VARIABLE = YES;
				IPHONEOS_DEPLOYMENT_TARGET = 8.2;
				MTL_ENABLE_DEBUG_INFO = YES;
				ONLY_ACTIVE_ARCH = YES;
				SDKROOT = iphoneos;
			};
			name = Debug;
		};
		5F55D1C81AC0ACB500A584A8 /* Release */ = {
			isa = XCBuildConfiguration;
			buildSettings = {
				ALWAYS_SEARCH_USER_PATHS = NO;
				CLANG_CXX_LANGUAGE_STANDARD = "gnu++0x";
				CLANG_CXX_LIBRARY = "libc++";
				CLANG_ENABLE_MODULES = YES;
				CLANG_ENABLE_OBJC_ARC = YES;
				CLANG_WARN_BOOL_CONVERSION = YES;
				CLANG_WARN_CONSTANT_CONVERSION = YES;
				CLANG_WARN_DIRECT_OBJC_ISA_USAGE = YES_ERROR;
				CLANG_WARN_EMPTY_BODY = YES;
				CLANG_WARN_ENUM_CONVERSION = YES;
				CLANG_WARN_INT_CONVERSION = YES;
				CLANG_WARN_OBJC_ROOT_CLASS = YES_ERROR;
				CLANG_WARN_UNREACHABLE_CODE = YES;
				CLANG_WARN__DUPLICATE_METHOD_MATCH = YES;
				"CODE_SIGN_IDENTITY[sdk=iphoneos*]" = "iPhone Developer";
				COPY_PHASE_STRIP = NO;
				ENABLE_NS_ASSERTIONS = NO;
				ENABLE_STRICT_OBJC_MSGSEND = YES;
				GCC_C_LANGUAGE_STANDARD = gnu99;
				GCC_WARN_64_TO_32_BIT_CONVERSION = YES;
				GCC_WARN_ABOUT_RETURN_TYPE = YES_ERROR;
				GCC_WARN_UNDECLARED_SELECTOR = YES;
				GCC_WARN_UNINITIALIZED_AUTOS = YES_AGGRESSIVE;
				GCC_WARN_UNUSED_FUNCTION = YES;
				GCC_WARN_UNUSED_VARIABLE = YES;
				IPHONEOS_DEPLOYMENT_TARGET = 8.2;
				MTL_ENABLE_DEBUG_INFO = NO;
				SDKROOT = iphoneos;
				VALIDATE_PRODUCT = YES;
			};
			name = Release;
		};
		5F55D1CA1AC0ACB500A584A8 /* Debug */ = {
			isa = XCBuildConfiguration;
			buildSettings = {
				ASSETCATALOG_COMPILER_APPICON_NAME = AppIcon;
				CODE_SIGN_IDENTITY = "iPhone Developer";
				FRAMEWORK_SEARCH_PATHS = (
					"$(inherited)",
					"$(PROJECT_DIR)/**",
					"$(PROJECT_DIR)/sampleapp",
				);
				INFOPLIST_FILE = "$(SRCROOT)/SampleApp/Info.plist";
				IPHONEOS_DEPLOYMENT_TARGET = 6.0;
				LD_RUNPATH_SEARCH_PATHS = "$(inherited) @executable_path/Frameworks";
				LIBRARY_SEARCH_PATHS = (
					"$(inherited)",
					"$(PROJECT_DIR)/**",
				);
				ONLY_ACTIVE_ARCH = NO;
				PRODUCT_NAME = sampleapp;
				VALID_ARCHS = "armv7 armv7s";
			};
			name = Debug;
		};
		5F55D1CB1AC0ACB500A584A8 /* Release */ = {
			isa = XCBuildConfiguration;
			buildSettings = {
				ASSETCATALOG_COMPILER_APPICON_NAME = AppIcon;
				CODE_SIGN_IDENTITY = "iPhone Developer";
				FRAMEWORK_SEARCH_PATHS = (
					"$(inherited)",
					"$(PROJECT_DIR)/**",
					"$(PROJECT_DIR)/sampleapp",
				);
				INFOPLIST_FILE = "$(SRCROOT)/SampleApp/Info.plist";
				IPHONEOS_DEPLOYMENT_TARGET = 6.0;
				LD_RUNPATH_SEARCH_PATHS = "$(inherited) @executable_path/Frameworks";
				LIBRARY_SEARCH_PATHS = (
					"$(inherited)",
					"$(PROJECT_DIR)/**",
				);
				ONLY_ACTIVE_ARCH = NO;
				PRODUCT_NAME = sampleapp;
				VALID_ARCHS = "armv7 armv7s";
			};
			name = Release;
		};
/* End XCBuildConfiguration section */

/* Begin XCConfigurationList section */
		5F55D1A11AC0ACB400A584A8 /* Build configuration list for PBXProject "sampleapp" */ = {
			isa = XCConfigurationList;
			buildConfigurations = (
				5F55D1C71AC0ACB500A584A8 /* Debug */,
				5F55D1C81AC0ACB500A584A8 /* Release */,
			);
			defaultConfigurationIsVisible = 0;
			defaultConfigurationName = Release;
		};
		5F55D1C91AC0ACB500A584A8 /* Build configuration list for PBXNativeTarget "sampleapp" */ = {
			isa = XCConfigurationList;
			buildConfigurations = (
				5F55D1CA1AC0ACB500A584A8 /* Debug */,
				5F55D1CB1AC0ACB500A584A8 /* Release */,
			);
			defaultConfigurationIsVisible = 0;
			defaultConfigurationName = Release;
		};
/* End XCConfigurationList section */
	};
	rootObject = 5F55D19E1AC0ACB400A584A8 /* Project object */;
}
